
Microsoft Visual Studio Solution File, Format Version 12.00
# Visual Studio Version 17
VisualStudioVersion = 17.11.35312.102
MinimumVisualStudioVersion = 10.0.40219.1
Project("{FAE04EC0-301F-11D3-BF4B-00C04F79EFBC}") = "Week4Loops", "Week4Loops\Week4Loops.csproj", "{FBA5F59A-32FA-403A-95D2-4E785D11A954}"
EndProject
Project("{FAE04EC0-301F-11D3-BF4B-00C04F79EFBC}") = "Week4WhileLoop", "Week4WhileLoop\Week4WhileLoop.csproj", "{77BEF784-DAC5-4E5B-B762-5951756B8F47}"
EndProject
Global
	GlobalSection(SolutionConfigurationPlatforms) = preSolution
		Debug|Any CPU = Debug|Any CPU
		Release|Any CPU = Release|Any CPU
	EndGlobalSection
	GlobalSection(ProjectConfigurationPlatforms) = postSolution
		{FBA5F59A-32FA-403A-95D2-4E785D11A954}.Debug|Any CPU.ActiveCfg = Debug|Any CPU
		{FBA5F59A-32FA-403A-95D2-4E785D11A954}.Debug|Any CPU.Build.0 = Debug|Any CPU
		{FBA5F59A-32FA-403A-95D2-4E785D11A954}.Release|Any CPU.ActiveCfg = Release|Any CPU
		{FBA5F59A-32FA-403A-95D2-4E785D11A954}.Release|Any CPU.Build.0 = Release|Any CPU
		{77BEF784-DAC5-4E5B-B762-5951756B8F47}.Debug|Any CPU.ActiveCfg = Debug|Any CPU
		{77BEF784-DAC5-4E5B-B762-5951756B8F47}.Debug|Any CPU.Build.0 = Debug|Any CPU
		{77BEF784-DAC5-4E5B-B762-5951756B8F47}.Release|Any CPU.ActiveCfg = Release|Any CPU
		{77BEF784-DAC5-4E5B-B762-5951756B8F47}.Release|Any CPU.Build.0 = Release|Any CPU
	EndGlobalSection
	GlobalSection(SolutionProperties) = preSolution
		HideSolutionNode = FALSE
	EndGlobalSection
	GlobalSection(ExtensibilityGlobals) = postSolution
		SolutionGuid = {5EA17F31-36E1-4C06-A396-4C5DC692E02A}
	EndGlobalSection
EndGlobal
